
Microsoft Visual Studio Solution File, Format Version 12.00
# Visual Studio 15
VisualStudioVersion = 15.0.27130.2020
MinimumVisualStudioVersion = 10.0.40219.1
Project("{9A19103F-16F7-4668-BE54-9A1E7A4F7556}") = "PingHost", "PingHost\PingHost.csproj", "{D1DEED11-E3DC-4187-B914-3DB87D336A8F}"
EndProject
Project("{9A19103F-16F7-4668-BE54-9A1E7A4F7556}") = "PingHostTests", "PingHostTests\PingHostTests.csproj", "{F50383AA-4E2F-4368-8EBD-11237F6E5763}"
EndProject
Project("{FAE04EC0-301F-11D3-BF4B-00C04F79EFBC}") = "History", "History\History.csproj", "{4B312AAA-C32B-45ED-88C9-C1977871C542}"
EndProject
Global
	GlobalSection(SolutionConfigurationPlatforms) = preSolution
		Debug|Any CPU = Debug|Any CPU
		Release|Any CPU = Release|Any CPU
	EndGlobalSection
	GlobalSection(ProjectConfigurationPlatforms) = postSolution
		{D1DEED11-E3DC-4187-B914-3DB87D336A8F}.Debug|Any CPU.ActiveCfg = Debug|Any CPU
		{D1DEED11-E3DC-4187-B914-3DB87D336A8F}.Debug|Any CPU.Build.0 = Debug|Any CPU
		{D1DEED11-E3DC-4187-B914-3DB87D336A8F}.Release|Any CPU.ActiveCfg = Release|Any CPU
		{D1DEED11-E3DC-4187-B914-3DB87D336A8F}.Release|Any CPU.Build.0 = Release|Any CPU
		{F50383AA-4E2F-4368-8EBD-11237F6E5763}.Debug|Any CPU.ActiveCfg = Debug|Any CPU
		{F50383AA-4E2F-4368-8EBD-11237F6E5763}.Debug|Any CPU.Build.0 = Debug|Any CPU
		{F50383AA-4E2F-4368-8EBD-11237F6E5763}.Release|Any CPU.ActiveCfg = Release|Any CPU
		{F50383AA-4E2F-4368-8EBD-11237F6E5763}.Release|Any CPU.Build.0 = Release|Any CPU
		{4B312AAA-C32B-45ED-88C9-C1977871C542}.Debug|Any CPU.ActiveCfg = Debug|Any CPU
		{4B312AAA-C32B-45ED-88C9-C1977871C542}.Debug|Any CPU.Build.0 = Debug|Any CPU
		{4B312AAA-C32B-45ED-88C9-C1977871C542}.Release|Any CPU.ActiveCfg = Release|Any CPU
		{4B312AAA-C32B-45ED-88C9-C1977871C542}.Release|Any CPU.Build.0 = Release|Any CPU
	EndGlobalSection
	GlobalSection(SolutionProperties) = preSolution
		HideSolutionNode = FALSE
	EndGlobalSection
	GlobalSection(ExtensibilityGlobals) = postSolution
		SolutionGuid = {76F96A61-1192-45A3-878D-DE50F600F9A1}
	EndGlobalSection
EndGlobal
